
Microsoft Visual Studio Solution File, Format Version 12.00
Project("{2150E333-8FDC-42A3-9474-1A3956D46DE8}") = "Microservices", "Microservices", "{0C9A488B-89AC-4EE1-99AC-BFC79DCEC2BA}"
EndProject
Project("{2150E333-8FDC-42A3-9474-1A3956D46DE8}") = "Domain", "Domain", "{06E02167-AFDC-4FA0-B2A1-7A1B31275016}"
EndProject
Project("{2150E333-8FDC-42A3-9474-1A3956D46DE8}") = "Infra.Bus", "Infra.Bus", "{4F3E43AB-0270-43B5-8689-CD45F859DBE0}"
EndProject
Project("{2150E333-8FDC-42A3-9474-1A3956D46DE8}") = "Infra.IoC", "Infra.IoC", "{08BA6737-ED37-4888-8C50-CA8E69CD9D9F}"
EndProject
Project("{2150E333-8FDC-42A3-9474-1A3956D46DE8}") = "Presentation", "Presentation", "{983D57B5-47CC-4EFC-A8F9-87A32734FD57}"
EndProject
Project("{FAE04EC0-301F-11D3-BF4B-00C04F79EFBC}") = "MicroRabbit.Domain.Core", "MicroRabbit.Domain.Core\MicroRabbit.Domain.Core.csproj", "{D1AEA7E1-9CCB-4D5A-BEE4-442AB5972DF1}"
EndProject
Project("{FAE04EC0-301F-11D3-BF4B-00C04F79EFBC}") = "MicroRabbit.Infra.Bus", "MicroRabbit.Infra.Bus\MicroRabbit.Infra.Bus.csproj", "{586683A4-94E8-4F17-AD41-467A257AE10B}"
EndProject
Project("{FAE04EC0-301F-11D3-BF4B-00C04F79EFBC}") = "MicroRabbit.Infra.IoC", "MicroRabbit.Infra.IoC\MicroRabbit.Infra.IoC.csproj", "{5A366280-6B28-4B81-9D18-A44D83666BEC}"
EndProject
Project("{2150E333-8FDC-42A3-9474-1A3956D46DE8}") = "Banking", "Banking", "{30F29F06-3FB5-4E7E-A13F-DF2E1EE3DF24}"
EndProject
Project("{2150E333-8FDC-42A3-9474-1A3956D46DE8}") = "Api", "Api", "{ED6B4E4D-20DA-4CEC-8C19-4F2482289945}"
EndProject
Project("{2150E333-8FDC-42A3-9474-1A3956D46DE8}") = "Domain", "Domain", "{CD852F46-46EF-42ED-B34D-A7DC321CFFF5}"
EndProject
Project("{2150E333-8FDC-42A3-9474-1A3956D46DE8}") = "Application", "Application", "{D4837D4D-662F-44BC-880F-2F95456EA1AC}"
EndProject
Project("{2150E333-8FDC-42A3-9474-1A3956D46DE8}") = "Data", "Data", "{CDF62311-F5A4-46FF-899F-1F62A7728AC4}"
EndProject
Project("{FAE04EC0-301F-11D3-BF4B-00C04F79EFBC}") = "MicroRabbit.Banking.Api", "MicroRabbit.Banking.Api\MicroRabbit.Banking.Api.csproj", "{C8BACD0C-092F-479B-A144-F0334DB5A27D}"
EndProject
Project("{FAE04EC0-301F-11D3-BF4B-00C04F79EFBC}") = "MicroRabbit.Banking.Application", "MicroRabbit.Banking.Application\MicroRabbit.Banking.Application.csproj", "{D142B3E1-01CB-40E5-A1A6-082A310BA545}"
EndProject
Project("{FAE04EC0-301F-11D3-BF4B-00C04F79EFBC}") = "MicroRabbit.Banking.Data", "MicroRabbit.Banking.Data\MicroRabbit.Banking.Data.csproj", "{A98A4262-825B-4DB0-AAF5-1CC3F5030DFB}"
EndProject
Project("{FAE04EC0-301F-11D3-BF4B-00C04F79EFBC}") = "MicroRabbit.Banking.Domain", "MicroRabbit.Banking.Domain\MicroRabbit.Banking.Domain.csproj", "{32B851F9-0063-489C-9AFC-A78EBD07FE1A}"
EndProject
Project("{2150E333-8FDC-42A3-9474-1A3956D46DE8}") = "Transfer", "Transfer", "{6102A815-868A-4C04-BD70-57ED9819F8C8}"
EndProject
Project("{2150E333-8FDC-42A3-9474-1A3956D46DE8}") = "Api", "Api", "{6D3AC9A6-F9B9-4929-9C03-BC59A9155687}"
EndProject
Project("{2150E333-8FDC-42A3-9474-1A3956D46DE8}") = "Application", "Application", "{BCB21646-A4F9-4E03-A6F3-418F77624994}"
EndProject
Project("{2150E333-8FDC-42A3-9474-1A3956D46DE8}") = "Data", "Data", "{8E0BA452-EE75-46DE-9165-9C5E7CC1158D}"
EndProject
Project("{2150E333-8FDC-42A3-9474-1A3956D46DE8}") = "Domain", "Domain", "{EF54BAD9-75FE-46EC-8CDD-BEEA0BD08D6D}"
EndProject
Project("{FAE04EC0-301F-11D3-BF4B-00C04F79EFBC}") = "MicroRabbit.Transfer.Api", "MicroRabbit.Transfer.Api\MicroRabbit.Transfer.Api.csproj", "{CDC60425-2CA4-4645-8092-BAB0003A0544}"
EndProject
Project("{FAE04EC0-301F-11D3-BF4B-00C04F79EFBC}") = "MicroRabbit.Transfer.Application", "MicroRabbit.Transfer.Application\MicroRabbit.Transfer.Application.csproj", "{D4A66176-547D-4797-B503-82382A8D13B7}"
EndProject
Project("{FAE04EC0-301F-11D3-BF4B-00C04F79EFBC}") = "MicroRabbit.Transfer.Data", "MicroRabbit.Transfer.Data\MicroRabbit.Transfer.Data.csproj", "{C37F0F02-8471-485C-B81E-002BBABEA1DE}"
EndProject
Project("{FAE04EC0-301F-11D3-BF4B-00C04F79EFBC}") = "MicroRabbit.Transfer.Domain", "MicroRabbit.Transfer.Domain\MicroRabbit.Transfer.Domain.csproj", "{2B3E5099-3155-46F7-83FF-5226A6EF62E7}"
EndProject
Global
	GlobalSection(SolutionConfigurationPlatforms) = preSolution
		Debug|Any CPU = Debug|Any CPU
		Release|Any CPU = Release|Any CPU
	EndGlobalSection
	GlobalSection(ProjectConfigurationPlatforms) = postSolution
		{D1AEA7E1-9CCB-4D5A-BEE4-442AB5972DF1}.Debug|Any CPU.ActiveCfg = Debug|Any CPU
		{D1AEA7E1-9CCB-4D5A-BEE4-442AB5972DF1}.Debug|Any CPU.Build.0 = Debug|Any CPU
		{D1AEA7E1-9CCB-4D5A-BEE4-442AB5972DF1}.Release|Any CPU.ActiveCfg = Release|Any CPU
		{D1AEA7E1-9CCB-4D5A-BEE4-442AB5972DF1}.Release|Any CPU.Build.0 = Release|Any CPU
		{586683A4-94E8-4F17-AD41-467A257AE10B}.Debug|Any CPU.ActiveCfg = Debug|Any CPU
		{586683A4-94E8-4F17-AD41-467A257AE10B}.Debug|Any CPU.Build.0 = Debug|Any CPU
		{586683A4-94E8-4F17-AD41-467A257AE10B}.Release|Any CPU.ActiveCfg = Release|Any CPU
		{586683A4-94E8-4F17-AD41-467A257AE10B}.Release|Any CPU.Build.0 = Release|Any CPU
		{5A366280-6B28-4B81-9D18-A44D83666BEC}.Debug|Any CPU.ActiveCfg = Debug|Any CPU
		{5A366280-6B28-4B81-9D18-A44D83666BEC}.Debug|Any CPU.Build.0 = Debug|Any CPU
		{5A366280-6B28-4B81-9D18-A44D83666BEC}.Release|Any CPU.ActiveCfg = Release|Any CPU
		{5A366280-6B28-4B81-9D18-A44D83666BEC}.Release|Any CPU.Build.0 = Release|Any CPU
		{C8BACD0C-092F-479B-A144-F0334DB5A27D}.Debug|Any CPU.ActiveCfg = Debug|Any CPU
		{C8BACD0C-092F-479B-A144-F0334DB5A27D}.Debug|Any CPU.Build.0 = Debug|Any CPU
		{C8BACD0C-092F-479B-A144-F0334DB5A27D}.Release|Any CPU.ActiveCfg = Release|Any CPU
		{C8BACD0C-092F-479B-A144-F0334DB5A27D}.Release|Any CPU.Build.0 = Release|Any CPU
		{D142B3E1-01CB-40E5-A1A6-082A310BA545}.Debug|Any CPU.ActiveCfg = Debug|Any CPU
		{D142B3E1-01CB-40E5-A1A6-082A310BA545}.Debug|Any CPU.Build.0 = Debug|Any CPU
		{D142B3E1-01CB-40E5-A1A6-082A310BA545}.Release|Any CPU.ActiveCfg = Release|Any CPU
		{D142B3E1-01CB-40E5-A1A6-082A310BA545}.Release|Any CPU.Build.0 = Release|Any CPU
		{A98A4262-825B-4DB0-AAF5-1CC3F5030DFB}.Debug|Any CPU.ActiveCfg = Debug|Any CPU
		{A98A4262-825B-4DB0-AAF5-1CC3F5030DFB}.Debug|Any CPU.Build.0 = Debug|Any CPU
		{A98A4262-825B-4DB0-AAF5-1CC3F5030DFB}.Release|Any CPU.ActiveCfg = Release|Any CPU
		{A98A4262-825B-4DB0-AAF5-1CC3F5030DFB}.Release|Any CPU.Build.0 = Release|Any CPU
		{32B851F9-0063-489C-9AFC-A78EBD07FE1A}.Debug|Any CPU.ActiveCfg = Debug|Any CPU
		{32B851F9-0063-489C-9AFC-A78EBD07FE1A}.Debug|Any CPU.Build.0 = Debug|Any CPU
		{32B851F9-0063-489C-9AFC-A78EBD07FE1A}.Release|Any CPU.ActiveCfg = Release|Any CPU
		{32B851F9-0063-489C-9AFC-A78EBD07FE1A}.Release|Any CPU.Build.0 = Release|Any CPU
		{CDC60425-2CA4-4645-8092-BAB0003A0544}.Debug|Any CPU.ActiveCfg = Debug|Any CPU
		{CDC60425-2CA4-4645-8092-BAB0003A0544}.Debug|Any CPU.Build.0 = Debug|Any CPU
		{CDC60425-2CA4-4645-8092-BAB0003A0544}.Release|Any CPU.ActiveCfg = Release|Any CPU
		{CDC60425-2CA4-4645-8092-BAB0003A0544}.Release|Any CPU.Build.0 = Release|Any CPU
		{D4A66176-547D-4797-B503-82382A8D13B7}.Debug|Any CPU.ActiveCfg = Debug|Any CPU
		{D4A66176-547D-4797-B503-82382A8D13B7}.Debug|Any CPU.Build.0 = Debug|Any CPU
		{D4A66176-547D-4797-B503-82382A8D13B7}.Release|Any CPU.ActiveCfg = Release|Any CPU
		{D4A66176-547D-4797-B503-82382A8D13B7}.Release|Any CPU.Build.0 = Release|Any CPU
		{C37F0F02-8471-485C-B81E-002BBABEA1DE}.Debug|Any CPU.ActiveCfg = Debug|Any CPU
		{C37F0F02-8471-485C-B81E-002BBABEA1DE}.Debug|Any CPU.Build.0 = Debug|Any CPU
		{C37F0F02-8471-485C-B81E-002BBABEA1DE}.Release|Any CPU.ActiveCfg = Release|Any CPU
		{C37F0F02-8471-485C-B81E-002BBABEA1DE}.Release|Any CPU.Build.0 = Release|Any CPU
		{2B3E5099-3155-46F7-83FF-5226A6EF62E7}.Debug|Any CPU.ActiveCfg = Debug|Any CPU
		{2B3E5099-3155-46F7-83FF-5226A6EF62E7}.Debug|Any CPU.Build.0 = Debug|Any CPU
		{2B3E5099-3155-46F7-83FF-5226A6EF62E7}.Release|Any CPU.ActiveCfg = Release|Any CPU
		{2B3E5099-3155-46F7-83FF-5226A6EF62E7}.Release|Any CPU.Build.0 = Release|Any CPU
	EndGlobalSection
	GlobalSection(NestedProjects) = preSolution
		{D1AEA7E1-9CCB-4D5A-BEE4-442AB5972DF1} = {06E02167-AFDC-4FA0-B2A1-7A1B31275016}
		{586683A4-94E8-4F17-AD41-467A257AE10B} = {4F3E43AB-0270-43B5-8689-CD45F859DBE0}
		{5A366280-6B28-4B81-9D18-A44D83666BEC} = {08BA6737-ED37-4888-8C50-CA8E69CD9D9F}
		{30F29F06-3FB5-4E7E-A13F-DF2E1EE3DF24} = {0C9A488B-89AC-4EE1-99AC-BFC79DCEC2BA}
		{ED6B4E4D-20DA-4CEC-8C19-4F2482289945} = {30F29F06-3FB5-4E7E-A13F-DF2E1EE3DF24}
		{CD852F46-46EF-42ED-B34D-A7DC321CFFF5} = {30F29F06-3FB5-4E7E-A13F-DF2E1EE3DF24}
		{D4837D4D-662F-44BC-880F-2F95456EA1AC} = {30F29F06-3FB5-4E7E-A13F-DF2E1EE3DF24}
		{CDF62311-F5A4-46FF-899F-1F62A7728AC4} = {30F29F06-3FB5-4E7E-A13F-DF2E1EE3DF24}
		{C8BACD0C-092F-479B-A144-F0334DB5A27D} = {ED6B4E4D-20DA-4CEC-8C19-4F2482289945}
		{D142B3E1-01CB-40E5-A1A6-082A310BA545} = {D4837D4D-662F-44BC-880F-2F95456EA1AC}
		{A98A4262-825B-4DB0-AAF5-1CC3F5030DFB} = {CDF62311-F5A4-46FF-899F-1F62A7728AC4}
		{32B851F9-0063-489C-9AFC-A78EBD07FE1A} = {CD852F46-46EF-42ED-B34D-A7DC321CFFF5}
		{6102A815-868A-4C04-BD70-57ED9819F8C8} = {0C9A488B-89AC-4EE1-99AC-BFC79DCEC2BA}
		{6D3AC9A6-F9B9-4929-9C03-BC59A9155687} = {6102A815-868A-4C04-BD70-57ED9819F8C8}
		{BCB21646-A4F9-4E03-A6F3-418F77624994} = {6102A815-868A-4C04-BD70-57ED9819F8C8}
		{8E0BA452-EE75-46DE-9165-9C5E7CC1158D} = {6102A815-868A-4C04-BD70-57ED9819F8C8}
		{EF54BAD9-75FE-46EC-8CDD-BEEA0BD08D6D} = {6102A815-868A-4C04-BD70-57ED9819F8C8}
		{CDC60425-2CA4-4645-8092-BAB0003A0544} = {6D3AC9A6-F9B9-4929-9C03-BC59A9155687}
		{D4A66176-547D-4797-B503-82382A8D13B7} = {BCB21646-A4F9-4E03-A6F3-418F77624994}
		{C37F0F02-8471-485C-B81E-002BBABEA1DE} = {8E0BA452-EE75-46DE-9165-9C5E7CC1158D}
		{2B3E5099-3155-46F7-83FF-5226A6EF62E7} = {EF54BAD9-75FE-46EC-8CDD-BEEA0BD08D6D}
	EndGlobalSection
EndGlobal
